
Microsoft Visual Studio Solution File, Format Version 11.00
# Visual Studio 2010 Express for Windows Phone
Project("{FAE04EC0-301F-11D3-BF4B-00C04F79EFBC}") = "wp7-api-demos", "wp7-api-demos\wp7-api-demos.csproj", "{64CAE493-8CCE-4733-85C9-D45501380EAA}"
EndProject
Global
	GlobalSection(SolutionConfigurationPlatforms) = preSolution
		Debug|Any CPU = Debug|Any CPU
		Release|Any CPU = Release|Any CPU
	EndGlobalSection
	GlobalSection(ProjectConfigurationPlatforms) = postSolution
		{64CAE493-8CCE-4733-85C9-D45501380EAA}.Debug|Any CPU.ActiveCfg = Debug|Any CPU
		{64CAE493-8CCE-4733-85C9-D45501380EAA}.Debug|Any CPU.Build.0 = Debug|Any CPU
		{64CAE493-8CCE-4733-85C9-D45501380EAA}.Debug|Any CPU.Deploy.0 = Debug|Any CPU
		{64CAE493-8CCE-4733-85C9-D45501380EAA}.Release|Any CPU.ActiveCfg = Release|Any CPU
		{64CAE493-8CCE-4733-85C9-D45501380EAA}.Release|Any CPU.Build.0 = Release|Any CPU
		{64CAE493-8CCE-4733-85C9-D45501380EAA}.Release|Any CPU.Deploy.0 = Release|Any CPU
	EndGlobalSection
	GlobalSection(SolutionProperties) = preSolution
		HideSolutionNode = FALSE
	EndGlobalSection
EndGlobal
